// !$*UTF8*$!
{
	archiveVersion = 1;
	classes = {
	};
	objectVersion = 50;
	objects = {

/* Begin PBXBuildFile section */
		4184096821FA920A00CC78F2 /* AppDelegate.swift in Sources */ = {isa = PBXBuildFile; fileRef = 4184096721FA920A00CC78F2 /* AppDelegate.swift */; };
		4184096A21FA920A00CC78F2 /* ViewController.swift in Sources */ = {isa = PBXBuildFile; fileRef = 4184096921FA920A00CC78F2 /* ViewController.swift */; };
		4184096D21FA920A00CC78F2 /* Main.storyboard in Resources */ = {isa = PBXBuildFile; fileRef = 4184096B21FA920A00CC78F2 /* Main.storyboard */; };
		4184096F21FA920B00CC78F2 /* Assets.xcassets in Resources */ = {isa = PBXBuildFile; fileRef = 4184096E21FA920B00CC78F2 /* Assets.xcassets */; };
		4184097221FA920B00CC78F2 /* LaunchScreen.storyboard in Resources */ = {isa = PBXBuildFile; fileRef = 4184097021FA920B00CC78F2 /* LaunchScreen.storyboard */; };
		4184097A21FA982400CC78F2 /* Animator.swift in Sources */ = {isa = PBXBuildFile; fileRef = 4184097921FA982400CC78F2 /* Animator.swift */; };
		4184097C21FA997200CC78F2 /* AnimationFactory.swift in Sources */ = {isa = PBXBuildFile; fileRef = 4184097B21FA997200CC78F2 /* AnimationFactory.swift */; };
/* End PBXBuildFile section */

/* Begin PBXFileReference section */
		4184096421FA920A00CC78F2 /* TableViewAnimationDemo.app */ = {isa = PBXFileReference; explicitFileType = wrapper.application; includeInIndex = 0; path = TableViewAnimationDemo.app; sourceTree = BUILT_PRODUCTS_DIR; };
		4184096721FA920A00CC78F2 /* AppDelegate.swift */ = {isa = PBXFileReference; lastKnownFileType = sourcecode.swift; path = AppDelegate.swift; sourceTree = "<group>"; };
		4184096921FA920A00CC78F2 /* ViewController.swift */ = {isa = PBXFileReference; lastKnownFileType = sourcecode.swift; path = ViewController.swift; sourceTree = "<group>"; };
		4184096C21FA920A00CC78F2 /* Base */ = {isa = PBXFileReference; lastKnownFileType = file.storyboard; name = Base; path = Base.lproj/Main.storyboard; sourceTree = "<group>"; };
		4184096E21FA920B00CC78F2 /* Assets.xcassets */ = {isa = PBXFileReference; lastKnownFileType = folder.assetcatalog; path = Assets.xcassets; sourceTree = "<group>"; };
		4184097121FA920B00CC78F2 /* Base */ = {isa = PBXFileReference; lastKnownFileType = file.storyboard; name = Base; path = Base.lproj/LaunchScreen.storyboard; sourceTree = "<group>"; };
		4184097321FA920B00CC78F2 /* Info.plist */ = {isa = PBXFileReference; lastKnownFileType = text.plist.xml; path = Info.plist; sourceTree = "<group>"; };
		4184097921FA982400CC78F2 /* Animator.swift */ = {isa = PBXFileReference; lastKnownFileType = sourcecode.swift; path = Animator.swift; sourceTree = "<group>"; };
		4184097B21FA997200CC78F2 /* AnimationFactory.swift */ = {isa = PBXFileReference; lastKnownFileType = sourcecode.swift; path = AnimationFactory.swift; sourceTree = "<group>"; };
/* End PBXFileReference section */

/* Begin PBXFrameworksBuildPhase section */
		4184096121FA920A00CC78F2 /* Frameworks */ = {
			isa = PBXFrameworksBuildPhase;
			buildActionMask = 2147483647;
			files = (
			);
			runOnlyForDeploymentPostprocessing = 0;
		};
/* End PBXFrameworksBuildPhase section */

/* Begin PBXGroup section */
		4184095B21FA920A00CC78F2 = {
			isa = PBXGroup;
			children = (
				4184096621FA920A00CC78F2 /* TableViewAnimationDemo */,
				4184096521FA920A00CC78F2 /* Products */,
			);
			sourceTree = "<group>";
		};
		4184096521FA920A00CC78F2 /* Products */ = {
			isa = PBXGroup;
			children = (
				4184096421FA920A00CC78F2 /* TableViewAnimationDemo.app */,
			);
			name = Products;
			sourceTree = "<group>";
		};
		4184096621FA920A00CC78F2 /* TableViewAnimationDemo */ = {
			isa = PBXGroup;
			children = (
				4184096721FA920A00CC78F2 /* AppDelegate.swift */,
				4184096921FA920A00CC78F2 /* ViewController.swift */,
				4184097921FA982400CC78F2 /* Animator.swift */,
				4184097B21FA997200CC78F2 /* AnimationFactory.swift */,
				4184096B21FA920A00CC78F2 /* Main.storyboard */,
				4184096E21FA920B00CC78F2 /* Assets.xcassets */,
				4184097021FA920B00CC78F2 /* LaunchScreen.storyboard */,
				4184097321FA920B00CC78F2 /* Info.plist */,
			);
			path = TableViewAnimationDemo;
			sourceTree = "<group>";
		};
/* End PBXGroup section */

/* Begin PBXNativeTarget section */
		4184096321FA920A00CC78F2 /* TableViewAnimationDemo */ = {
			isa = PBXNativeTarget;
			buildConfigurationList = 4184097621FA920B00CC78F2 /* Build configuration list for PBXNativeTarget "TableViewAnimationDemo" */;
			buildPhases = (
				4184096021FA920A00CC78F2 /* Sources */,
				4184096121FA920A00CC78F2 /* Frameworks */,
				4184096221FA920A00CC78F2 /* Resources */,
			);
			buildRules = (
			);
			dependencies = (
			);
			name = TableViewAnimationDemo;
			productName = TableViewAnimationDemo;
			productReference = 4184096421FA920A00CC78F2 /* TableViewAnimationDemo.app */;
			productType = "com.apple.product-type.application";
		};
/* End PBXNativeTarget section */

/* Begin PBXProject section */
		4184095C21FA920A00CC78F2 /* Project object */ = {
			isa = PBXProject;
			attributes = {
				LastSwiftUpdateCheck = 1010;
				LastUpgradeCheck = 1010;
				ORGANIZATIONNAME = makepower;
				TargetAttributes = {
					4184096321FA920A00CC78F2 = {
						CreatedOnToolsVersion = 10.1;
					};
				};
			};
			buildConfigurationList = 4184095F21FA920A00CC78F2 /* Build configuration list for PBXProject "TableViewAnimationDemo" */;
			compatibilityVersion = "Xcode 9.3";
			developmentRegion = en;
			hasScannedForEncodings = 0;
			knownRegions = (
				en,
				Base,
			);
			mainGroup = 4184095B21FA920A00CC78F2;
			productRefGroup = 4184096521FA920A00CC78F2 /* Products */;
			projectDirPath = "";
			projectRoot = "";
			targets = (
				4184096321FA920A00CC78F2 /* TableViewAnimationDemo */,
			);
		};
/* End PBXProject section */

/* Begin PBXResourcesBuildPhase section */
		4184096221FA920A00CC78F2 /* Resources */ = {
			isa = PBXResourcesBuildPhase;
			buildActionMask = 2147483647;
			files = (
				4184097221FA920B00CC78F2 /* LaunchScreen.storyboard in Resources */,
				4184096F21FA920B00CC78F2 /* Assets.xcassets in Resources */,
				4184096D21FA920A00CC78F2 /* Main.storyboard in Resources */,
			);
			runOnlyForDeploymentPostprocessing = 0;
		};
/* End PBXResourcesBuildPhase section */

/* Begin PBXSourcesBuildPhase section */
		4184096021FA920A00CC78F2 /* Sources */ = {
			isa = PBXSourcesBuildPhase;
			buildActionMask = 2147483647;
			files = (
				4184097A21FA982400CC78F2 /* Animator.swift in Sources */,
				4184097C21FA997200CC78F2 /* AnimationFactory.swift in Sources */,
				4184096A21FA920A00CC78F2 /* ViewController.swift in Sources */,
				4184096821FA920A00CC78F2 /* AppDelegate.swift in Sources */,
			);
			runOnlyForDeploymentPostprocessing = 0;
		};
/* End PBXSourcesBuildPhase section */

/* Begin PBXVariantGroup section */
		4184096B21FA920A00CC78F2 /* Main.storyboard */ = {
			isa = PBXVariantGroup;
			children = (
				4184096C21FA920A00CC78F2 /* Base */,
			);
			name = Main.storyboard;
			sourceTree = "<group>";
		};
		4184097021FA920B00CC78F2 /* LaunchScreen.storyboard */ = {
			isa = PBXVariantGroup;
			children = (
				4184097121FA920B00CC78F2 /* Base */,
			);
			name = LaunchScreen.storyboard;
			sourceTree = "<group>";
		};
/* End PBXVariantGroup section */

/* Begin XCBuildConfiguration section */
		4184097421FA920B00CC78F2 /* Debug */ = {
			isa = XCBuildConfiguration;
			buildSettings = {
				ALWAYS_SEARCH_USER_PATHS = NO;
				CLANG_ANALYZER_NONNULL = YES;
				CLANG_ANALYZER_NUMBER_OBJECT_CONVERSION = YES_AGGRESSIVE;
				CLANG_CXX_LANGUAGE_STANDARD = "gnu++14";
				CLANG_CXX_LIBRARY = "libc++";
				CLANG_ENABLE_MODULES = YES;
				CLANG_ENABLE_OBJC_ARC = YES;
				CLANG_ENABLE_OBJC_WEAK = YES;
				CLANG_WARN_BLOCK_CAPTURE_AUTORELEASING = YES;
				CLANG_WARN_BOOL_CONVERSION = YES;
				CLANG_WARN_COMMA = YES;
				CLANG_WARN_CONSTANT_CONVERSION = YES;
				CLANG_WARN_DEPRECATED_OBJC_IMPLEMENTATIONS = YES;
				CLANG_WARN_DIRECT_OBJC_ISA_USAGE = YES_ERROR;
				CLANG_WARN_DOCUMENTATION_COMMENTS = YES;
				CLANG_WARN_EMPTY_BODY = YES;
				CLANG_WARN_ENUM_CONVERSION = YES;
				CLANG_WARN_INFINITE_RECURSION = YES;
				CLANG_WARN_INT_CONVERSION = YES;
				CLANG_WARN_NON_LITERAL_NULL_CONVERSION = YES;
				CLANG_WARN_OBJC_IMPLICIT_RETAIN_SELF = YES;
				CLANG_WARN_OBJC_LITERAL_CONVERSION = YES;
				CLANG_WARN_OBJC_ROOT_CLASS = YES_ERROR;
				CLANG_WARN_RANGE_LOOP_ANALYSIS = YES;
				CLANG_WARN_STRICT_PROTOTYPES = YES;
				CLANG_WARN_SUSPICIOUS_MOVE = YES;
				CLANG_WARN_UNGUARDED_AVAILABILITY = YES_AGGRESSIVE;
				CLANG_WARN_UNREACHABLE_CODE = YES;
				CLANG_WARN__DUPLICATE_METHOD_MATCH = YES;
				CODE_SIGN_IDENTITY = "iPhone Developer";
				COPY_PHASE_STRIP = NO;
				DEBUG_INFORMATION_FORMAT = dwarf;
				ENABLE_STRICT_OBJC_MSGSEND = YES;
				ENABLE_TESTABILITY = YES;
				GCC_C_LANGUAGE_STANDARD = gnu11;
				GCC_DYNAMIC_NO_PIC = NO;
				GCC_NO_COMMON_BLOCKS = YES;
				GCC_OPTIMIZATION_LEVEL = 0;
				GCC_PREPROCESSOR_DEFINITIONS = (
					"DEBUG=1",
					"$(inherited)",
				);
				GCC_WARN_64_TO_32_BIT_CONVERSION = YES;
				GCC_WARN_ABOUT_RETURN_TYPE = YES_ERROR;
				GCC_WARN_UNDECLARED_SELECTOR = YES;
				GCC_WARN_UNINITIALIZED_AUTOS = YES_AGGRESSIVE;
				GCC_WARN_UNUSED_FUNCTION = YES;
				GCC_WARN_UNUSED_VARIABLE = YES;
				IPHONEOS_DEPLOYMENT_TARGET = 12.1;
				MTL_ENABLE_DEBUG_INFO = INCLUDE_SOURCE;
				MTL_FAST_MATH = YES;
				ONLY_ACTIVE_ARCH = YES;
				SDKROOT = iphoneos;
				SWIFT_ACTIVE_COMPILATION_CONDITIONS = DEBUG;
				SWIFT_OPTIMIZATION_LEVEL = "-Onone";
			};
			name = Debug;
		};
		4184097521FA920B00CC78F2 /* Release */ = {
			isa = XCBuildConfiguration;
			buildSettings = {
				ALWAYS_SEARCH_USER_PATHS = NO;
				CLANG_ANALYZER_NONNULL = YES;
				CLANG_ANALYZER_NUMBER_OBJECT_CONVERSION = YES_AGGRESSIVE;
				CLANG_CXX_LANGUAGE_STANDARD = "gnu++14";
				CLANG_CXX_LIBRARY = "libc++";
				CLANG_ENABLE_MODULES = YES;
				CLANG_ENABLE_OBJC_ARC = YES;
				CLANG_ENABLE_OBJC_WEAK = YES;
				CLANG_WARN_BLOCK_CAPTURE_AUTORELEASING = YES;
				CLANG_WARN_BOOL_CONVERSION = YES;
				CLANG_WARN_COMMA = YES;
				CLANG_WARN_CONSTANT_CONVERSION = YES;
				CLANG_WARN_DEPRECATED_OBJC_IMPLEMENTATIONS = YES;
				CLANG_WARN_DIRECT_OBJC_ISA_USAGE = YES_ERROR;
				CLANG_WARN_DOCUMENTATION_COMMENTS = YES;
				CLANG_WARN_EMPTY_BODY = YES;
				CLANG_WARN_ENUM_CONVERSION = YES;
				CLANG_WARN_INFINITE_RECURSION = YES;
				CLANG_WARN_INT_CONVERSION = YES;
				CLANG_WARN_NON_LITERAL_NULL_CONVERSION = YES;
				CLANG_WARN_OBJC_IMPLICIT_RETAIN_SELF = YES;
				CLANG_WARN_OBJC_LITERAL_CONVERSION = YES;
				CLANG_WARN_OBJC_ROOT_CLASS = YES_ERROR;
				CLANG_WARN_RANGE_LOOP_ANALYSIS = YES;
				CLANG_WARN_STRICT_PROTOTYPES = YES;
				CLANG_WARN_SUSPICIOUS_MOVE = YES;
				CLANG_WARN_UNGUARDED_AVAILABILITY = YES_AGGRESSIVE;
				CLANG_WARN_UNREACHABLE_CODE = YES;
				CLANG_WARN__DUPLICATE_METHOD_MATCH = YES;
				CODE_SIGN_IDENTITY = "iPhone Developer";
				COPY_PHASE_STRIP = NO;
				DEBUG_INFORMATION_FORMAT = "dwarf-with-dsym";
				ENABLE_NS_ASSERTIONS = NO;
				ENABLE_STRICT_OBJC_MSGSEND = YES;
				GCC_C_LANGUAGE_STANDARD = gnu11;
				GCC_NO_COMMON_BLOCKS = YES;
				GCC_WARN_64_TO_32_BIT_CONVERSION = YES;
				GCC_WARN_ABOUT_RETURN_TYPE = YES_ERROR;
				GCC_WARN_UNDECLARED_SELECTOR = YES;
				GCC_WARN_UNINITIALIZED_AUTOS = YES_AGGRESSIVE;
				GCC_WARN_UNUSED_FUNCTION = YES;
				GCC_WARN_UNUSED_VARIABLE = YES;
				IPHONEOS_DEPLOYMENT_TARGET = 12.1;
				MTL_ENABLE_DEBUG_INFO = NO;
				MTL_FAST_MATH = YES;
				SDKROOT = iphoneos;
				SWIFT_COMPILATION_MODE = wholemodule;
				SWIFT_OPTIMIZATION_LEVEL = "-O";
				VALIDATE_PRODUCT = YES;
			};
			name = Release;
		};
		4184097721FA920B00CC78F2 /* Debug */ = {
			isa = XCBuildConfiguration;
			buildSettings = {
				ASSETCATALOG_COMPILER_APPICON_NAME = AppIcon;
				CODE_SIGN_STYLE = Automatic;
				DEVELOPMENT_TEAM = B22XRTBPSL;
				INFOPLIST_FILE = TableViewAnimationDemo/Info.plist;
				LD_RUNPATH_SEARCH_PATHS = (
					"$(inherited)",
					"@executable_path/Frameworks",
				);
				PRODUCT_BUNDLE_IDENTIFIER = makepower.cc.TableViewAnimationDemo;
				PRODUCT_NAME = "$(TARGET_NAME)";
				SWIFT_VERSION = 4.2;
				TARGETED_DEVICE_FAMILY = "1,2";
			};
			name = Debug;
		};
		4184097821FA920B00CC78F2 /* Release */ = {
			isa = XCBuildConfiguration;
			buildSettings = {
				ASSETCATALOG_COMPILER_APPICON_NAME = AppIcon;
				CODE_SIGN_STYLE = Automatic;
				DEVELOPMENT_TEAM = B22XRTBPSL;
				INFOPLIST_FILE = TableViewAnimationDemo/Info.plist;
				LD_RUNPATH_SEARCH_PATHS = (
					"$(inherited)",
					"@executable_path/Frameworks",
				);
				PRODUCT_BUNDLE_IDENTIFIER = makepower.cc.TableViewAnimationDemo;
				PRODUCT_NAME = "$(TARGET_NAME)";
				SWIFT_VERSION = 4.2;
				TARGETED_DEVICE_FAMILY = "1,2";
			};
			name = Release;
		};
/* End XCBuildConfiguration section */

/* Begin XCConfigurationList section */
		4184095F21FA920A00CC78F2 /* Build configuration list for PBXProject "TableViewAnimationDemo" */ = {
			isa = XCConfigurationList;
			buildConfigurations = (
				4184097421FA920B00CC78F2 /* Debug */,
				4184097521FA920B00CC78F2 /* Release */,
			);
			defaultConfigurationIsVisible = 0;
			defaultConfigurationName = Release;
		};
		4184097621FA920B00CC78F2 /* Build configuration list for PBXNativeTarget "TableViewAnimationDemo" */ = {
			isa = XCConfigurationList;
			buildConfigurations = (
				4184097721FA920B00CC78F2 /* Debug */,
				4184097821FA920B00CC78F2 /* Release */,
			);
			defaultConfigurationIsVisible = 0;
			defaultConfigurationName = Release;
		};
/* End XCConfigurationList section */
	};
	rootObject = 4184095C21FA920A00CC78F2 /* Project object */;
}
